
Microsoft Visual Studio Solution File, Format Version 12.00
# Visual Studio 2013
VisualStudioVersion = 12.0.40629.0
MinimumVisualStudioVersion = 10.0.40219.1
Project("{FAE04EC0-301F-11D3-BF4B-00C04F79EFBC}") = "LtcService", "ltcService\LtcService.csproj", "{67D4E819-8745-4887-BDF5-15DD9EB3D883}"
EndProject
Project("{FAE04EC0-301F-11D3-BF4B-00C04F79EFBC}") = "Common", "Common\Common.csproj", "{A89B798C-6435-47A4-930A-0D75F848F8E6}"
EndProject
Project("{FAE04EC0-301F-11D3-BF4B-00C04F79EFBC}") = "Tests", "Tests\Tests.csproj", "{6B542CE6-DC26-48BC-A1A0-7BCA7EEB0B5A}"
EndProject
Project("{6141683F-8A12-4E36-9623-2EB02B2C2303}") = "Setup", "Setup\Setup.isproj", "{D66F1BAD-8810-4642-AB38-8DF94FFA43A4}"
	ProjectSection(ProjectDependencies) = postProject
		{67D4E819-8745-4887-BDF5-15DD9EB3D883} = {67D4E819-8745-4887-BDF5-15DD9EB3D883}
		{A89B798C-6435-47A4-930A-0D75F848F8E6} = {A89B798C-6435-47A4-930A-0D75F848F8E6}
	EndProjectSection
EndProject
Project("{FAE04EC0-301F-11D3-BF4B-00C04F79EFBC}") = "TryApp", "TryApp\TryApp.csproj", "{D3871A05-35A3-47E2-B25D-10B57404A6A6}"
EndProject
Project("{FAE04EC0-301F-11D3-BF4B-00C04F79EFBC}") = "LtcWinConfig", "LtcWinConfig\LtcWinConfig.csproj", "{D61483AB-55F2-4A29-8DA9-ABCD796C3073}"
EndProject
Global
	GlobalSection(SolutionConfigurationPlatforms) = preSolution
		CD_ROM|Any CPU = CD_ROM|Any CPU
		Debug|Any CPU = Debug|Any CPU
		DVD-5|Any CPU = DVD-5|Any CPU
		Release|Any CPU = Release|Any CPU
		SingleImage|Any CPU = SingleImage|Any CPU
	EndGlobalSection
	GlobalSection(ProjectConfigurationPlatforms) = postSolution
		{67D4E819-8745-4887-BDF5-15DD9EB3D883}.CD_ROM|Any CPU.ActiveCfg = Release|Any CPU
		{67D4E819-8745-4887-BDF5-15DD9EB3D883}.CD_ROM|Any CPU.Build.0 = Release|Any CPU
		{67D4E819-8745-4887-BDF5-15DD9EB3D883}.Debug|Any CPU.ActiveCfg = Debug|Any CPU
		{67D4E819-8745-4887-BDF5-15DD9EB3D883}.Debug|Any CPU.Build.0 = Debug|Any CPU
		{67D4E819-8745-4887-BDF5-15DD9EB3D883}.DVD-5|Any CPU.ActiveCfg = Debug|Any CPU
		{67D4E819-8745-4887-BDF5-15DD9EB3D883}.DVD-5|Any CPU.Build.0 = Debug|Any CPU
		{67D4E819-8745-4887-BDF5-15DD9EB3D883}.Release|Any CPU.ActiveCfg = Release|Any CPU
		{67D4E819-8745-4887-BDF5-15DD9EB3D883}.Release|Any CPU.Build.0 = Release|Any CPU
		{67D4E819-8745-4887-BDF5-15DD9EB3D883}.SingleImage|Any CPU.ActiveCfg = Release|Any CPU
		{67D4E819-8745-4887-BDF5-15DD9EB3D883}.SingleImage|Any CPU.Build.0 = Release|Any CPU
		{A89B798C-6435-47A4-930A-0D75F848F8E6}.CD_ROM|Any CPU.ActiveCfg = Release|Any CPU
		{A89B798C-6435-47A4-930A-0D75F848F8E6}.CD_ROM|Any CPU.Build.0 = Release|Any CPU
		{A89B798C-6435-47A4-930A-0D75F848F8E6}.Debug|Any CPU.ActiveCfg = Debug|Any CPU
		{A89B798C-6435-47A4-930A-0D75F848F8E6}.Debug|Any CPU.Build.0 = Debug|Any CPU
		{A89B798C-6435-47A4-930A-0D75F848F8E6}.DVD-5|Any CPU.ActiveCfg = Debug|Any CPU
		{A89B798C-6435-47A4-930A-0D75F848F8E6}.DVD-5|Any CPU.Build.0 = Debug|Any CPU
		{A89B798C-6435-47A4-930A-0D75F848F8E6}.Release|Any CPU.ActiveCfg = Release|Any CPU
		{A89B798C-6435-47A4-930A-0D75F848F8E6}.Release|Any CPU.Build.0 = Release|Any CPU
		{A89B798C-6435-47A4-930A-0D75F848F8E6}.SingleImage|Any CPU.ActiveCfg = Release|Any CPU
		{A89B798C-6435-47A4-930A-0D75F848F8E6}.SingleImage|Any CPU.Build.0 = Release|Any CPU
		{6B542CE6-DC26-48BC-A1A0-7BCA7EEB0B5A}.CD_ROM|Any CPU.ActiveCfg = Release|Any CPU
		{6B542CE6-DC26-48BC-A1A0-7BCA7EEB0B5A}.CD_ROM|Any CPU.Build.0 = Release|Any CPU
		{6B542CE6-DC26-48BC-A1A0-7BCA7EEB0B5A}.Debug|Any CPU.ActiveCfg = Debug|Any CPU
		{6B542CE6-DC26-48BC-A1A0-7BCA7EEB0B5A}.Debug|Any CPU.Build.0 = Debug|Any CPU
		{6B542CE6-DC26-48BC-A1A0-7BCA7EEB0B5A}.DVD-5|Any CPU.ActiveCfg = Debug|Any CPU
		{6B542CE6-DC26-48BC-A1A0-7BCA7EEB0B5A}.DVD-5|Any CPU.Build.0 = Debug|Any CPU
		{6B542CE6-DC26-48BC-A1A0-7BCA7EEB0B5A}.Release|Any CPU.ActiveCfg = Release|Any CPU
		{6B542CE6-DC26-48BC-A1A0-7BCA7EEB0B5A}.Release|Any CPU.Build.0 = Release|Any CPU
		{6B542CE6-DC26-48BC-A1A0-7BCA7EEB0B5A}.SingleImage|Any CPU.ActiveCfg = Release|Any CPU
		{6B542CE6-DC26-48BC-A1A0-7BCA7EEB0B5A}.SingleImage|Any CPU.Build.0 = Release|Any CPU
		{D66F1BAD-8810-4642-AB38-8DF94FFA43A4}.CD_ROM|Any CPU.ActiveCfg = CD_ROM
		{D66F1BAD-8810-4642-AB38-8DF94FFA43A4}.CD_ROM|Any CPU.Build.0 = CD_ROM
		{D66F1BAD-8810-4642-AB38-8DF94FFA43A4}.Debug|Any CPU.ActiveCfg = DVD-5
		{D66F1BAD-8810-4642-AB38-8DF94FFA43A4}.Debug|Any CPU.Build.0 = DVD-5
		{D66F1BAD-8810-4642-AB38-8DF94FFA43A4}.DVD-5|Any CPU.ActiveCfg = DVD-5
		{D66F1BAD-8810-4642-AB38-8DF94FFA43A4}.DVD-5|Any CPU.Build.0 = DVD-5
		{D66F1BAD-8810-4642-AB38-8DF94FFA43A4}.Release|Any CPU.ActiveCfg = SingleImage
		{D66F1BAD-8810-4642-AB38-8DF94FFA43A4}.Release|Any CPU.Build.0 = SingleImage
		{D66F1BAD-8810-4642-AB38-8DF94FFA43A4}.SingleImage|Any CPU.ActiveCfg = SingleImage
		{D66F1BAD-8810-4642-AB38-8DF94FFA43A4}.SingleImage|Any CPU.Build.0 = SingleImage
		{D3871A05-35A3-47E2-B25D-10B57404A6A6}.CD_ROM|Any CPU.ActiveCfg = Release|Any CPU
		{D3871A05-35A3-47E2-B25D-10B57404A6A6}.CD_ROM|Any CPU.Build.0 = Release|Any CPU
		{D3871A05-35A3-47E2-B25D-10B57404A6A6}.Debug|Any CPU.ActiveCfg = Debug|Any CPU
		{D3871A05-35A3-47E2-B25D-10B57404A6A6}.Debug|Any CPU.Build.0 = Debug|Any CPU
		{D3871A05-35A3-47E2-B25D-10B57404A6A6}.DVD-5|Any CPU.ActiveCfg = Debug|Any CPU
		{D3871A05-35A3-47E2-B25D-10B57404A6A6}.DVD-5|Any CPU.Build.0 = Debug|Any CPU
		{D3871A05-35A3-47E2-B25D-10B57404A6A6}.Release|Any CPU.ActiveCfg = Release|Any CPU
		{D3871A05-35A3-47E2-B25D-10B57404A6A6}.Release|Any CPU.Build.0 = Release|Any CPU
		{D3871A05-35A3-47E2-B25D-10B57404A6A6}.SingleImage|Any CPU.ActiveCfg = Release|Any CPU
		{D3871A05-35A3-47E2-B25D-10B57404A6A6}.SingleImage|Any CPU.Build.0 = Release|Any CPU
		{D61483AB-55F2-4A29-8DA9-ABCD796C3073}.CD_ROM|Any CPU.ActiveCfg = Release|Any CPU
		{D61483AB-55F2-4A29-8DA9-ABCD796C3073}.CD_ROM|Any CPU.Build.0 = Release|Any CPU
		{D61483AB-55F2-4A29-8DA9-ABCD796C3073}.Debug|Any CPU.ActiveCfg = Debug|Any CPU
		{D61483AB-55F2-4A29-8DA9-ABCD796C3073}.Debug|Any CPU.Build.0 = Debug|Any CPU
		{D61483AB-55F2-4A29-8DA9-ABCD796C3073}.DVD-5|Any CPU.ActiveCfg = Debug|Any CPU
		{D61483AB-55F2-4A29-8DA9-ABCD796C3073}.DVD-5|Any CPU.Build.0 = Debug|Any CPU
		{D61483AB-55F2-4A29-8DA9-ABCD796C3073}.Release|Any CPU.ActiveCfg = Release|Any CPU
		{D61483AB-55F2-4A29-8DA9-ABCD796C3073}.Release|Any CPU.Build.0 = Release|Any CPU
		{D61483AB-55F2-4A29-8DA9-ABCD796C3073}.SingleImage|Any CPU.ActiveCfg = Release|Any CPU
		{D61483AB-55F2-4A29-8DA9-ABCD796C3073}.SingleImage|Any CPU.Build.0 = Release|Any CPU
	EndGlobalSection
	GlobalSection(SolutionProperties) = preSolution
		HideSolutionNode = FALSE
	EndGlobalSection
EndGlobal
